
Microsoft Visual Studio Solution File, Format Version 12.00
# Visual Studio Version 17
VisualStudioVersion = 17.14.36429.23 d17.14
MinimumVisualStudioVersion = 10.0.40219.1
Project("{2150E333-8FDC-42A3-9474-1A3956D46DE8}") = "Project.V13", "Project.V13", "{02EA681E-C7D8-13C7-8484-4AC65E1B71E8}"
EndProject
Project("{FAE04EC0-301F-11D3-BF4B-00C04F79EFBC}") = "Tyuiu.KalininaMA.Sprint7.Project.V13", "Tyuiu.KalininaMA.Sprint7.Project.V13\Tyuiu.KalininaMA.Sprint7.Project.V13.csproj", "{496BC7F7-1AD6-4D81-BD34-57527D97432D}"
EndProject
Project("{FAE04EC0-301F-11D3-BF4B-00C04F79EFBC}") = "Tyuiu.KalininaMA.Sprint7.Project.V13.Lib", "Tyuiu.KalininaMA.Sprint7.Project.V13.Lib\Tyuiu.KalininaMA.Sprint7.Project.V13.Lib.csproj", "{DA95761C-D599-4F65-95AA-BE90B6752FE3}"
EndProject
Project("{FAE04EC0-301F-11D3-BF4B-00C04F79EFBC}") = "Tyuiu.KalininaMA.Sprint7.Project.V13.Test", "Tyuiu.KalininaMA.Sprint7.Project.V13.Test\Tyuiu.KalininaMA.Sprint7.Project.V13.Test.csproj", "{78444023-71D4-45D9-B747-7B0F4B10102C}"
EndProject
Global
	GlobalSection(SolutionConfigurationPlatforms) = preSolution
		Debug|Any CPU = Debug|Any CPU
		Release|Any CPU = Release|Any CPU
	EndGlobalSection
	GlobalSection(ProjectConfigurationPlatforms) = postSolution
		{496BC7F7-1AD6-4D81-BD34-57527D97432D}.Debug|Any CPU.ActiveCfg = Debug|Any CPU
		{496BC7F7-1AD6-4D81-BD34-57527D97432D}.Debug|Any CPU.Build.0 = Debug|Any CPU
		{496BC7F7-1AD6-4D81-BD34-57527D97432D}.Release|Any CPU.ActiveCfg = Release|Any CPU
		{496BC7F7-1AD6-4D81-BD34-57527D97432D}.Release|Any CPU.Build.0 = Release|Any CPU
		{DA95761C-D599-4F65-95AA-BE90B6752FE3}.Debug|Any CPU.ActiveCfg = Debug|Any CPU
		{DA95761C-D599-4F65-95AA-BE90B6752FE3}.Debug|Any CPU.Build.0 = Debug|Any CPU
		{DA95761C-D599-4F65-95AA-BE90B6752FE3}.Release|Any CPU.ActiveCfg = Release|Any CPU
		{DA95761C-D599-4F65-95AA-BE90B6752FE3}.Release|Any CPU.Build.0 = Release|Any CPU
		{78444023-71D4-45D9-B747-7B0F4B10102C}.Debug|Any CPU.ActiveCfg = Debug|Any CPU
		{78444023-71D4-45D9-B747-7B0F4B10102C}.Debug|Any CPU.Build.0 = Debug|Any CPU
		{78444023-71D4-45D9-B747-7B0F4B10102C}.Release|Any CPU.ActiveCfg = Release|Any CPU
		{78444023-71D4-45D9-B747-7B0F4B10102C}.Release|Any CPU.Build.0 = Release|Any CPU
	EndGlobalSection
	GlobalSection(SolutionProperties) = preSolution
		HideSolutionNode = FALSE
	EndGlobalSection
	GlobalSection(NestedProjects) = preSolution
		{496BC7F7-1AD6-4D81-BD34-57527D97432D} = {02EA681E-C7D8-13C7-8484-4AC65E1B71E8}
		{DA95761C-D599-4F65-95AA-BE90B6752FE3} = {02EA681E-C7D8-13C7-8484-4AC65E1B71E8}
		{78444023-71D4-45D9-B747-7B0F4B10102C} = {02EA681E-C7D8-13C7-8484-4AC65E1B71E8}
	EndGlobalSection
	GlobalSection(ExtensibilityGlobals) = postSolution
		SolutionGuid = {36071B59-3DA3-4637-8508-DA510D71ABCF}
	EndGlobalSection
EndGlobal
